
Microsoft Visual Studio Solution File, Format Version 12.00
# Visual Studio Version 17
VisualStudioVersion = 17.9.34701.34
MinimumVisualStudioVersion = 10.0.40219.1
Project("{9A19103F-16F7-4668-BE54-9A1E7A4F7556}") = "PhanMemPhatPhim", "PhanMemPhatPhim.csproj", "{B9A835F7-C914-4030-91AC-277D4F71ECB4}"
EndProject
Global
	GlobalSection(SolutionConfigurationPlatforms) = preSolution
		Debug|Any CPU = Debug|Any CPU
		Release|Any CPU = Release|Any CPU
	EndGlobalSection
	GlobalSection(ProjectConfigurationPlatforms) = postSolution
		{B9A835F7-C914-4030-91AC-277D4F71ECB4}.Debug|Any CPU.ActiveCfg = Debug|Any CPU
		{B9A835F7-C914-4030-91AC-277D4F71ECB4}.Debug|Any CPU.Build.0 = Debug|Any CPU
		{B9A835F7-C914-4030-91AC-277D4F71ECB4}.Release|Any CPU.ActiveCfg = Release|Any CPU
		{B9A835F7-C914-4030-91AC-277D4F71ECB4}.Release|Any CPU.Build.0 = Release|Any CPU
	EndGlobalSection
	GlobalSection(SolutionProperties) = preSolution
		HideSolutionNode = FALSE
	EndGlobalSection
	GlobalSection(ExtensibilityGlobals) = postSolution
		SolutionGuid = {77F7F916-EFE7-49EC-BF5F-7D17474484F1}
	EndGlobalSection
EndGlobal
